// !$*UTF8*$!
{
	archiveVersion = 1;
	classes = {
	};
	objectVersion = 46;
	objects = {

/* Begin PBXBuildFile section */
		77E04F4F19ABCBAF00E02B82 /* Foundation.framework in Frameworks */ = {isa = PBXBuildFile; fileRef = 77E04F4E19ABCBAF00E02B82 /* Foundation.framework */; };
		77E04F5119ABCBAF00E02B82 /* CoreGraphics.framework in Frameworks */ = {isa = PBXBuildFile; fileRef = 77E04F5019ABCBAF00E02B82 /* CoreGraphics.framework */; };
		77E04F5319ABCBAF00E02B82 /* UIKit.framework in Frameworks */ = {isa = PBXBuildFile; fileRef = 77E04F5219ABCBAF00E02B82 /* UIKit.framework */; };
		77E04F5919ABCBAF00E02B82 /* InfoPlist.strings in Resources */ = {isa = PBXBuildFile; fileRef = 77E04F5719ABCBAF00E02B82 /* InfoPlist.strings */; };
		77E04F5B19ABCBAF00E02B82 /* main.m in Sources */ = {isa = PBXBuildFile; fileRef = 77E04F5A19ABCBAF00E02B82 /* main.m */; };
		77E04F5F19ABCBAF00E02B82 /* BIDAppDelegate.m in Sources */ = {isa = PBXBuildFile; fileRef = 77E04F5E19ABCBAF00E02B82 /* BIDAppDelegate.m */; };
		77E04F6119ABCBAF00E02B82 /* Images.xcassets in Resources */ = {isa = PBXBuildFile; fileRef = 77E04F6019ABCBAF00E02B82 /* Images.xcassets */; };
		77E04F6819ABCBAF00E02B82 /* XCTest.framework in Frameworks */ = {isa = PBXBuildFile; fileRef = 77E04F6719ABCBAF00E02B82 /* XCTest.framework */; };
		77E04F6919ABCBAF00E02B82 /* Foundation.framework in Frameworks */ = {isa = PBXBuildFile; fileRef = 77E04F4E19ABCBAF00E02B82 /* Foundation.framework */; };
		77E04F6A19ABCBAF00E02B82 /* UIKit.framework in Frameworks */ = {isa = PBXBuildFile; fileRef = 77E04F5219ABCBAF00E02B82 /* UIKit.framework */; };
		77E04F7219ABCBAF00E02B82 /* InfoPlist.strings in Resources */ = {isa = PBXBuildFile; fileRef = 77E04F7019ABCBAF00E02B82 /* InfoPlist.strings */; };
		77E04F7419ABCBAF00E02B82 /* PickersTests.m in Sources */ = {isa = PBXBuildFile; fileRef = 77E04F7319ABCBAF00E02B82 /* PickersTests.m */; };
		77E04F7F19ABCC0700E02B82 /* BIDDatePickerViewController.m in Sources */ = {isa = PBXBuildFile; fileRef = 77E04F7E19ABCC0700E02B82 /* BIDDatePickerViewController.m */; };
		77E04F8219ABCC3300E02B82 /* BIDSingleComponentPickerViewController.m in Sources */ = {isa = PBXBuildFile; fileRef = 77E04F8119ABCC3300E02B82 /* BIDSingleComponentPickerViewController.m */; };
		77E04F8519ABCC5500E02B82 /* BIDDoubleComponentPickerViewController.m in Sources */ = {isa = PBXBuildFile; fileRef = 77E04F8419ABCC5500E02B82 /* BIDDoubleComponentPickerViewController.m */; };
		77E04F8819ABCC7A00E02B82 /* BIDDependantComponentPickerViewController.m in Sources */ = {isa = PBXBuildFile; fileRef = 77E04F8719ABCC7A00E02B82 /* BIDDependantComponentPickerViewController.m */; };
		77E04F8B19ABCC9F00E02B82 /* BIDCustomPickerViewController.m in Sources */ = {isa = PBXBuildFile; fileRef = 77E04F8A19ABCC9F00E02B82 /* BIDCustomPickerViewController.m */; };
		77E04F8D19ABCD0D00E02B82 /* Main.Storyboard in Resources */ = {isa = PBXBuildFile; fileRef = 77E04F8C19ABCD0D00E02B82 /* Main.Storyboard */; };
/* End PBXBuildFile section */

/* Begin PBXContainerItemProxy section */
		77E04F6B19ABCBAF00E02B82 /* PBXContainerItemProxy */ = {
			isa = PBXContainerItemProxy;
			containerPortal = 77E04F4319ABCBAF00E02B82 /* Project object */;
			proxyType = 1;
			remoteGlobalIDString = 77E04F4A19ABCBAF00E02B82;
			remoteInfo = Pickers;
		};
/* End PBXContainerItemProxy section */

/* Begin PBXFileReference section */
		77E04F4B19ABCBAF00E02B82 /* Pickers.app */ = {isa = PBXFileReference; explicitFileType = wrapper.application; includeInIndex = 0; path = Pickers.app; sourceTree = BUILT_PRODUCTS_DIR; };
		77E04F4E19ABCBAF00E02B82 /* Foundation.framework */ = {isa = PBXFileReference; lastKnownFileType = wrapper.framework; name = Foundation.framework; path = System/Library/Frameworks/Foundation.framework; sourceTree = SDKROOT; };
		77E04F5019ABCBAF00E02B82 /* CoreGraphics.framework */ = {isa = PBXFileReference; lastKnownFileType = wrapper.framework; name = CoreGraphics.framework; path = System/Library/Frameworks/CoreGraphics.framework; sourceTree = SDKROOT; };
		77E04F5219ABCBAF00E02B82 /* UIKit.framework */ = {isa = PBXFileReference; lastKnownFileType = wrapper.framework; name = UIKit.framework; path = System/Library/Frameworks/UIKit.framework; sourceTree = SDKROOT; };
		77E04F5619ABCBAF00E02B82 /* Pickers-Info.plist */ = {isa = PBXFileReference; lastKnownFileType = text.plist.xml; path = "Pickers-Info.plist"; sourceTree = "<group>"; };
		77E04F5819ABCBAF00E02B82 /* en */ = {isa = PBXFileReference; lastKnownFileType = text.plist.strings; name = en; path = en.lproj/InfoPlist.strings; sourceTree = "<group>"; };
		77E04F5A19ABCBAF00E02B82 /* main.m */ = {isa = PBXFileReference; lastKnownFileType = sourcecode.c.objc; path = main.m; sourceTree = "<group>"; };
		77E04F5C19ABCBAF00E02B82 /* Pickers-Prefix.pch */ = {isa = PBXFileReference; lastKnownFileType = sourcecode.c.h; path = "Pickers-Prefix.pch"; sourceTree = "<group>"; };
		77E04F5D19ABCBAF00E02B82 /* BIDAppDelegate.h */ = {isa = PBXFileReference; lastKnownFileType = sourcecode.c.h; path = BIDAppDelegate.h; sourceTree = "<group>"; };
		77E04F5E19ABCBAF00E02B82 /* BIDAppDelegate.m */ = {isa = PBXFileReference; lastKnownFileType = sourcecode.c.objc; path = BIDAppDelegate.m; sourceTree = "<group>"; };
		77E04F6019ABCBAF00E02B82 /* Images.xcassets */ = {isa = PBXFileReference; lastKnownFileType = folder.assetcatalog; path = Images.xcassets; sourceTree = "<group>"; };
		77E04F6619ABCBAF00E02B82 /* PickersTests.xctest */ = {isa = PBXFileReference; explicitFileType = wrapper.cfbundle; includeInIndex = 0; path = PickersTests.xctest; sourceTree = BUILT_PRODUCTS_DIR; };
		77E04F6719ABCBAF00E02B82 /* XCTest.framework */ = {isa = PBXFileReference; lastKnownFileType = wrapper.framework; name = XCTest.framework; path = Library/Frameworks/XCTest.framework; sourceTree = DEVELOPER_DIR; };
		77E04F6F19ABCBAF00E02B82 /* PickersTests-Info.plist */ = {isa = PBXFileReference; lastKnownFileType = text.plist.xml; path = "PickersTests-Info.plist"; sourceTree = "<group>"; };
		77E04F7119ABCBAF00E02B82 /* en */ = {isa = PBXFileReference; lastKnownFileType = text.plist.strings; name = en; path = en.lproj/InfoPlist.strings; sourceTree = "<group>"; };
		77E04F7319ABCBAF00E02B82 /* PickersTests.m */ = {isa = PBXFileReference; lastKnownFileType = sourcecode.c.objc; path = PickersTests.m; sourceTree = "<group>"; };
		77E04F7D19ABCC0700E02B82 /* BIDDatePickerViewController.h */ = {isa = PBXFileReference; fileEncoding = 4; lastKnownFileType = sourcecode.c.h; path = BIDDatePickerViewController.h; sourceTree = "<group>"; };
		77E04F7E19ABCC0700E02B82 /* BIDDatePickerViewController.m */ = {isa = PBXFileReference; fileEncoding = 4; lastKnownFileType = sourcecode.c.objc; path = BIDDatePickerViewController.m; sourceTree = "<group>"; };
		77E04F8019ABCC3300E02B82 /* BIDSingleComponentPickerViewController.h */ = {isa = PBXFileReference; fileEncoding = 4; lastKnownFileType = sourcecode.c.h; path = BIDSingleComponentPickerViewController.h; sourceTree = "<group>"; };
		77E04F8119ABCC3300E02B82 /* BIDSingleComponentPickerViewController.m */ = {isa = PBXFileReference; fileEncoding = 4; lastKnownFileType = sourcecode.c.objc; path = BIDSingleComponentPickerViewController.m; sourceTree = "<group>"; };
		77E04F8319ABCC5500E02B82 /* BIDDoubleComponentPickerViewController.h */ = {isa = PBXFileReference; fileEncoding = 4; lastKnownFileType = sourcecode.c.h; path = BIDDoubleComponentPickerViewController.h; sourceTree = "<group>"; };
		77E04F8419ABCC5500E02B82 /* BIDDoubleComponentPickerViewController.m */ = {isa = PBXFileReference; fileEncoding = 4; lastKnownFileType = sourcecode.c.objc; path = BIDDoubleComponentPickerViewController.m; sourceTree = "<group>"; };
		77E04F8619ABCC7A00E02B82 /* BIDDependantComponentPickerViewController.h */ = {isa = PBXFileReference; fileEncoding = 4; lastKnownFileType = sourcecode.c.h; path = BIDDependantComponentPickerViewController.h; sourceTree = "<group>"; };
		77E04F8719ABCC7A00E02B82 /* BIDDependantComponentPickerViewController.m */ = {isa = PBXFileReference; fileEncoding = 4; lastKnownFileType = sourcecode.c.objc; path = BIDDependantComponentPickerViewController.m; sourceTree = "<group>"; };
		77E04F8919ABCC9F00E02B82 /* BIDCustomPickerViewController.h */ = {isa = PBXFileReference; fileEncoding = 4; lastKnownFileType = sourcecode.c.h; path = BIDCustomPickerViewController.h; sourceTree = "<group>"; };
		77E04F8A19ABCC9F00E02B82 /* BIDCustomPickerViewController.m */ = {isa = PBXFileReference; fileEncoding = 4; lastKnownFileType = sourcecode.c.objc; path = BIDCustomPickerViewController.m; sourceTree = "<group>"; };
		77E04F8C19ABCD0D00E02B82 /* Main.Storyboard */ = {isa = PBXFileReference; fileEncoding = 4; lastKnownFileType = file.storyboard; path = Main.Storyboard; sourceTree = "<group>"; };
/* End PBXFileReference section */

/* Begin PBXFrameworksBuildPhase section */
		77E04F4819ABCBAF00E02B82 /* Frameworks */ = {
			isa = PBXFrameworksBuildPhase;
			buildActionMask = 2147483647;
			files = (
				77E04F5119ABCBAF00E02B82 /* CoreGraphics.framework in Frameworks */,
				77E04F5319ABCBAF00E02B82 /* UIKit.framework in Frameworks */,
				77E04F4F19ABCBAF00E02B82 /* Foundation.framework in Frameworks */,
			);
			runOnlyForDeploymentPostprocessing = 0;
		};
		77E04F6319ABCBAF00E02B82 /* Frameworks */ = {
			isa = PBXFrameworksBuildPhase;
			buildActionMask = 2147483647;
			files = (
				77E04F6819ABCBAF00E02B82 /* XCTest.framework in Frameworks */,
				77E04F6A19ABCBAF00E02B82 /* UIKit.framework in Frameworks */,
				77E04F6919ABCBAF00E02B82 /* Foundation.framework in Frameworks */,
			);
			runOnlyForDeploymentPostprocessing = 0;
		};
/* End PBXFrameworksBuildPhase section */

/* Begin PBXGroup section */
		77E04F4219ABCBAF00E02B82 = {
			isa = PBXGroup;
			children = (
				77E04F5419ABCBAF00E02B82 /* Pickers */,
				77E04F6D19ABCBAF00E02B82 /* PickersTests */,
				77E04F4D19ABCBAF00E02B82 /* Frameworks */,
				77E04F4C19ABCBAF00E02B82 /* Products */,
			);
			sourceTree = "<group>";
		};
		77E04F4C19ABCBAF00E02B82 /* Products */ = {
			isa = PBXGroup;
			children = (
				77E04F4B19ABCBAF00E02B82 /* Pickers.app */,
				77E04F6619ABCBAF00E02B82 /* PickersTests.xctest */,
			);
			name = Products;
			sourceTree = "<group>";
		};
		77E04F4D19ABCBAF00E02B82 /* Frameworks */ = {
			isa = PBXGroup;
			children = (
				77E04F4E19ABCBAF00E02B82 /* Foundation.framework */,
				77E04F5019ABCBAF00E02B82 /* CoreGraphics.framework */,
				77E04F5219ABCBAF00E02B82 /* UIKit.framework */,
				77E04F6719ABCBAF00E02B82 /* XCTest.framework */,
			);
			name = Frameworks;
			sourceTree = "<group>";
		};
		77E04F5419ABCBAF00E02B82 /* Pickers */ = {
			isa = PBXGroup;
			children = (
				77E04F5D19ABCBAF00E02B82 /* BIDAppDelegate.h */,
				77E04F5E19ABCBAF00E02B82 /* BIDAppDelegate.m */,
				77E04F6019ABCBAF00E02B82 /* Images.xcassets */,
				77E04F5519ABCBAF00E02B82 /* Supporting Files */,
				77E04F7D19ABCC0700E02B82 /* BIDDatePickerViewController.h */,
				77E04F7E19ABCC0700E02B82 /* BIDDatePickerViewController.m */,
				77E04F8019ABCC3300E02B82 /* BIDSingleComponentPickerViewController.h */,
				77E04F8119ABCC3300E02B82 /* BIDSingleComponentPickerViewController.m */,
				77E04F8319ABCC5500E02B82 /* BIDDoubleComponentPickerViewController.h */,
				77E04F8419ABCC5500E02B82 /* BIDDoubleComponentPickerViewController.m */,
				77E04F8619ABCC7A00E02B82 /* BIDDependantComponentPickerViewController.h */,
				77E04F8719ABCC7A00E02B82 /* BIDDependantComponentPickerViewController.m */,
				77E04F8919ABCC9F00E02B82 /* BIDCustomPickerViewController.h */,
				77E04F8A19ABCC9F00E02B82 /* BIDCustomPickerViewController.m */,
				77E04F8C19ABCD0D00E02B82 /* Main.Storyboard */,
			);
			path = Pickers;
			sourceTree = "<group>";
		};
		77E04F5519ABCBAF00E02B82 /* Supporting Files */ = {
			isa = PBXGroup;
			children = (
				77E04F5619ABCBAF00E02B82 /* Pickers-Info.plist */,
				77E04F5719ABCBAF00E02B82 /* InfoPlist.strings */,
				77E04F5A19ABCBAF00E02B82 /* main.m */,
				77E04F5C19ABCBAF00E02B82 /* Pickers-Prefix.pch */,
			);
			name = "Supporting Files";
			sourceTree = "<group>";
		};
		77E04F6D19ABCBAF00E02B82 /* PickersTests */ = {
			isa = PBXGroup;
			children = (
				77E04F7319ABCBAF00E02B82 /* PickersTests.m */,
				77E04F6E19ABCBAF00E02B82 /* Supporting Files */,
			);
			path = PickersTests;
			sourceTree = "<group>";
		};
		77E04F6E19ABCBAF00E02B82 /* Supporting Files */ = {
			isa = PBXGroup;
			children = (
				77E04F6F19ABCBAF00E02B82 /* PickersTests-Info.plist */,
				77E04F7019ABCBAF00E02B82 /* InfoPlist.strings */,
			);
			name = "Supporting Files";
			sourceTree = "<group>";
		};
/* End PBXGroup section */

/* Begin PBXNativeTarget section */
		77E04F4A19ABCBAF00E02B82 /* Pickers */ = {
			isa = PBXNativeTarget;
			buildConfigurationList = 77E04F7719ABCBAF00E02B82 /* Build configuration list for PBXNativeTarget "Pickers" */;
			buildPhases = (
				77E04F4719ABCBAF00E02B82 /* Sources */,
				77E04F4819ABCBAF00E02B82 /* Frameworks */,
				77E04F4919ABCBAF00E02B82 /* Resources */,
			);
			buildRules = (
			);
			dependencies = (
			);
			name = Pickers;
			productName = Pickers;
			productReference = 77E04F4B19ABCBAF00E02B82 /* Pickers.app */;
			productType = "com.apple.product-type.application";
		};
		77E04F6519ABCBAF00E02B82 /* PickersTests */ = {
			isa = PBXNativeTarget;
			buildConfigurationList = 77E04F7A19ABCBAF00E02B82 /* Build configuration list for PBXNativeTarget "PickersTests" */;
			buildPhases = (
				77E04F6219ABCBAF00E02B82 /* Sources */,
				77E04F6319ABCBAF00E02B82 /* Frameworks */,
				77E04F6419ABCBAF00E02B82 /* Resources */,
			);
			buildRules = (
			);
			dependencies = (
				77E04F6C19ABCBAF00E02B82 /* PBXTargetDependency */,
			);
			name = PickersTests;
			productName = PickersTests;
			productReference = 77E04F6619ABCBAF00E02B82 /* PickersTests.xctest */;
			productType = "com.apple.product-type.bundle.unit-test";
		};
/* End PBXNativeTarget section */

/* Begin PBXProject section */
		77E04F4319ABCBAF00E02B82 /* Project object */ = {
			isa = PBXProject;
			attributes = {
				CLASSPREFIX = BID;
				LastUpgradeCheck = 0510;
				ORGANIZATIONNAME = blakestiller;
				TargetAttributes = {
					77E04F6519ABCBAF00E02B82 = {
						TestTargetID = 77E04F4A19ABCBAF00E02B82;
					};
				};
			};
			buildConfigurationList = 77E04F4619ABCBAF00E02B82 /* Build configuration list for PBXProject "Pickers" */;
			compatibilityVersion = "Xcode 3.2";
			developmentRegion = English;
			hasScannedForEncodings = 0;
			knownRegions = (
				en,
			);
			mainGroup = 77E04F4219ABCBAF00E02B82;
			productRefGroup = 77E04F4C19ABCBAF00E02B82 /* Products */;
			projectDirPath = "";
			projectRoot = "";
			targets = (
				77E04F4A19ABCBAF00E02B82 /* Pickers */,
				77E04F6519ABCBAF00E02B82 /* PickersTests */,
			);
		};
/* End PBXProject section */

/* Begin PBXResourcesBuildPhase section */
		77E04F4919ABCBAF00E02B82 /* Resources */ = {
			isa = PBXResourcesBuildPhase;
			buildActionMask = 2147483647;
			files = (
				77E04F8D19ABCD0D00E02B82 /* Main.Storyboard in Resources */,
				77E04F5919ABCBAF00E02B82 /* InfoPlist.strings in Resources */,
				77E04F6119ABCBAF00E02B82 /* Images.xcassets in Resources */,
			);
			runOnlyForDeploymentPostprocessing = 0;
		};
		77E04F6419ABCBAF00E02B82 /* Resources */ = {
			isa = PBXResourcesBuildPhase;
			buildActionMask = 2147483647;
			files = (
				77E04F7219ABCBAF00E02B82 /* InfoPlist.strings in Resources */,
			);
			runOnlyForDeploymentPostprocessing = 0;
		};
/* End PBXResourcesBuildPhase section */

/* Begin PBXSourcesBuildPhase section */
		77E04F4719ABCBAF00E02B82 /* Sources */ = {
			isa = PBXSourcesBuildPhase;
			buildActionMask = 2147483647;
			files = (
				77E04F8219ABCC3300E02B82 /* BIDSingleComponentPickerViewController.m in Sources */,
				77E04F8519ABCC5500E02B82 /* BIDDoubleComponentPickerViewController.m in Sources */,
				77E04F5F19ABCBAF00E02B82 /* BIDAppDelegate.m in Sources */,
				77E04F5B19ABCBAF00E02B82 /* main.m in Sources */,
				77E04F8819ABCC7A00E02B82 /* BIDDependantComponentPickerViewController.m in Sources */,
				77E04F7F19ABCC0700E02B82 /* BIDDatePickerViewController.m in Sources */,
				77E04F8B19ABCC9F00E02B82 /* BIDCustomPickerViewController.m in Sources */,
			);
			runOnlyForDeploymentPostprocessing = 0;
		};
		77E04F6219ABCBAF00E02B82 /* Sources */ = {
			isa = PBXSourcesBuildPhase;
			buildActionMask = 2147483647;
			files = (
				77E04F7419ABCBAF00E02B82 /* PickersTests.m in Sources */,
			);
			runOnlyForDeploymentPostprocessing = 0;
		};
/* End PBXSourcesBuildPhase section */

/* Begin PBXTargetDependency section */
		77E04F6C19ABCBAF00E02B82 /* PBXTargetDependency */ = {
			isa = PBXTargetDependency;
			target = 77E04F4A19ABCBAF00E02B82 /* Pickers */;
			targetProxy = 77E04F6B19ABCBAF00E02B82 /* PBXContainerItemProxy */;
		};
/* End PBXTargetDependency section */

/* Begin PBXVariantGroup section */
		77E04F5719ABCBAF00E02B82 /* InfoPlist.strings */ = {
			isa = PBXVariantGroup;
			children = (
				77E04F5819ABCBAF00E02B82 /* en */,
			);
			name = InfoPlist.strings;
			sourceTree = "<group>";
		};
		77E04F7019ABCBAF00E02B82 /* InfoPlist.strings */ = {
			isa = PBXVariantGroup;
			children = (
				77E04F7119ABCBAF00E02B82 /* en */,
			);
			name = InfoPlist.strings;
			sourceTree = "<group>";
		};
/* End PBXVariantGroup section */

/* Begin XCBuildConfiguration section */
		77E04F7519ABCBAF00E02B82 /* Debug */ = {
			isa = XCBuildConfiguration;
			buildSettings = {
				ALWAYS_SEARCH_USER_PATHS = NO;
				CLANG_CXX_LANGUAGE_STANDARD = "gnu++0x";
				CLANG_CXX_LIBRARY = "libc++";
				CLANG_ENABLE_MODULES = YES;
				CLANG_ENABLE_OBJC_ARC = YES;
				CLANG_WARN_BOOL_CONVERSION = YES;
				CLANG_WARN_CONSTANT_CONVERSION = YES;
				CLANG_WARN_DIRECT_OBJC_ISA_USAGE = YES_ERROR;
				CLANG_WARN_EMPTY_BODY = YES;
				CLANG_WARN_ENUM_CONVERSION = YES;
				CLANG_WARN_INT_CONVERSION = YES;
				CLANG_WARN_OBJC_ROOT_CLASS = YES_ERROR;
				CLANG_WARN__DUPLICATE_METHOD_MATCH = YES;
				"CODE_SIGN_IDENTITY[sdk=iphoneos*]" = "iPhone Developer";
				COPY_PHASE_STRIP = NO;
				GCC_C_LANGUAGE_STANDARD = gnu99;
				GCC_DYNAMIC_NO_PIC = NO;
				GCC_OPTIMIZATION_LEVEL = 0;
				GCC_PREPROCESSOR_DEFINITIONS = (
					"DEBUG=1",
					"$(inherited)",
				);
				GCC_SYMBOLS_PRIVATE_EXTERN = NO;
				GCC_WARN_64_TO_32_BIT_CONVERSION = YES;
				GCC_WARN_ABOUT_RETURN_TYPE = YES_ERROR;
				GCC_WARN_UNDECLARED_SELECTOR = YES;
				GCC_WARN_UNINITIALIZED_AUTOS = YES_AGGRESSIVE;
				GCC_WARN_UNUSED_FUNCTION = YES;
				GCC_WARN_UNUSED_VARIABLE = YES;
				IPHONEOS_DEPLOYMENT_TARGET = 7.1;
				ONLY_ACTIVE_ARCH = YES;
				SDKROOT = iphoneos;
			};
			name = Debug;
		};
		77E04F7619ABCBAF00E02B82 /* Release */ = {
			isa = XCBuildConfiguration;
			buildSettings = {
				ALWAYS_SEARCH_USER_PATHS = NO;
				CLANG_CXX_LANGUAGE_STANDARD = "gnu++0x";
				CLANG_CXX_LIBRARY = "libc++";
				CLANG_ENABLE_MODULES = YES;
				CLANG_ENABLE_OBJC_ARC = YES;
				CLANG_WARN_BOOL_CONVERSION = YES;
				CLANG_WARN_CONSTANT_CONVERSION = YES;
				CLANG_WARN_DIRECT_OBJC_ISA_USAGE = YES_ERROR;
				CLANG_WARN_EMPTY_BODY = YES;
				CLANG_WARN_ENUM_CONVERSION = YES;
				CLANG_WARN_INT_CONVERSION = YES;
				CLANG_WARN_OBJC_ROOT_CLASS = YES_ERROR;
				CLANG_WARN__DUPLICATE_METHOD_MATCH = YES;
				"CODE_SIGN_IDENTITY[sdk=iphoneos*]" = "iPhone Developer";
				COPY_PHASE_STRIP = YES;
				ENABLE_NS_ASSERTIONS = NO;
				GCC_C_LANGUAGE_STANDARD = gnu99;
				GCC_WARN_64_TO_32_BIT_CONVERSION = YES;
				GCC_WARN_ABOUT_RETURN_TYPE = YES_ERROR;
				GCC_WARN_UNDECLARED_SELECTOR = YES;
				GCC_WARN_UNINITIALIZED_AUTOS = YES_AGGRESSIVE;
				GCC_WARN_UNUSED_FUNCTION = YES;
				GCC_WARN_UNUSED_VARIABLE = YES;
				IPHONEOS_DEPLOYMENT_TARGET = 7.1;
				SDKROOT = iphoneos;
				VALIDATE_PRODUCT = YES;
			};
			name = Release;
		};
		77E04F7819ABCBAF00E02B82 /* Debug */ = {
			isa = XCBuildConfiguration;
			buildSettings = {
				ASSETCATALOG_COMPILER_APPICON_NAME = AppIcon;
				ASSETCATALOG_COMPILER_LAUNCHIMAGE_NAME = LaunchImage;
				GCC_PRECOMPILE_PREFIX_HEADER = YES;
				GCC_PREFIX_HEADER = "Pickers/Pickers-Prefix.pch";
				INFOPLIST_FILE = "Pickers/Pickers-Info.plist";
				PRODUCT_NAME = "$(TARGET_NAME)";
				WRAPPER_EXTENSION = app;
			};
			name = Debug;
		};
		77E04F7919ABCBAF00E02B82 /* Release */ = {
			isa = XCBuildConfiguration;
			buildSettings = {
				ASSETCATALOG_COMPILER_APPICON_NAME = AppIcon;
				ASSETCATALOG_COMPILER_LAUNCHIMAGE_NAME = LaunchImage;
				GCC_PRECOMPILE_PREFIX_HEADER = YES;
				GCC_PREFIX_HEADER = "Pickers/Pickers-Prefix.pch";
				INFOPLIST_FILE = "Pickers/Pickers-Info.plist";
				PRODUCT_NAME = "$(TARGET_NAME)";
				WRAPPER_EXTENSION = app;
			};
			name = Release;
		};
		77E04F7B19ABCBAF00E02B82 /* Debug */ = {
			isa = XCBuildConfiguration;
			buildSettings = {
				BUNDLE_LOADER = "$(BUILT_PRODUCTS_DIR)/Pickers.app/Pickers";
				FRAMEWORK_SEARCH_PATHS = (
					"$(SDKROOT)/Developer/Library/Frameworks",
					"$(inherited)",
					"$(DEVELOPER_FRAMEWORKS_DIR)",
				);
				GCC_PRECOMPILE_PREFIX_HEADER = YES;
				GCC_PREFIX_HEADER = "Pickers/Pickers-Prefix.pch";
				GCC_PREPROCESSOR_DEFINITIONS = (
					"DEBUG=1",
					"$(inherited)",
				);
				INFOPLIST_FILE = "PickersTests/PickersTests-Info.plist";
				PRODUCT_NAME = "$(TARGET_NAME)";
				TEST_HOST = "$(BUNDLE_LOADER)";
				WRAPPER_EXTENSION = xctest;
			};
			name = Debug;
		};
		77E04F7C19ABCBAF00E02B82 /* Release */ = {
			isa = XCBuildConfiguration;
			buildSettings = {
				BUNDLE_LOADER = "$(BUILT_PRODUCTS_DIR)/Pickers.app/Pickers";
				FRAMEWORK_SEARCH_PATHS = (
					"$(SDKROOT)/Developer/Library/Frameworks",
					"$(inherited)",
					"$(DEVELOPER_FRAMEWORKS_DIR)",
				);
				GCC_PRECOMPILE_PREFIX_HEADER = YES;
				GCC_PREFIX_HEADER = "Pickers/Pickers-Prefix.pch";
				INFOPLIST_FILE = "PickersTests/PickersTests-Info.plist";
				PRODUCT_NAME = "$(TARGET_NAME)";
				TEST_HOST = "$(BUNDLE_LOADER)";
				WRAPPER_EXTENSION = xctest;
			};
			name = Release;
		};
/* End XCBuildConfiguration section */

/* Begin XCConfigurationList section */
		77E04F4619ABCBAF00E02B82 /* Build configuration list for PBXProject "Pickers" */ = {
			isa = XCConfigurationList;
			buildConfigurations = (
				77E04F7519ABCBAF00E02B82 /* Debug */,
				77E04F7619ABCBAF00E02B82 /* Release */,
			);
			defaultConfigurationIsVisible = 0;
			defaultConfigurationName = Release;
		};
		77E04F7719ABCBAF00E02B82 /* Build configuration list for PBXNativeTarget "Pickers" */ = {
			isa = XCConfigurationList;
			buildConfigurations = (
				77E04F7819ABCBAF00E02B82 /* Debug */,
				77E04F7919ABCBAF00E02B82 /* Release */,
			);
			defaultConfigurationIsVisible = 0;
		};
		77E04F7A19ABCBAF00E02B82 /* Build configuration list for PBXNativeTarget "PickersTests" */ = {
			isa = XCConfigurationList;
			buildConfigurations = (
				77E04F7B19ABCBAF00E02B82 /* Debug */,
				77E04F7C19ABCBAF00E02B82 /* Release */,
			);
			defaultConfigurationIsVisible = 0;
		};
/* End XCConfigurationList section */
	};
	rootObject = 77E04F4319ABCBAF00E02B82 /* Project object */;
}
