// !$*UTF8*$!
{
	archiveVersion = 1;
	classes = {
	};
	objectVersion = 46;
	objects = {

/* Begin PBXBuildFile section */
		77FF15DB19A7D22B00F67F41 /* Foundation.framework in Frameworks */ = {isa = PBXBuildFile; fileRef = 77FF15DA19A7D22B00F67F41 /* Foundation.framework */; };
		77FF15DD19A7D22B00F67F41 /* CoreGraphics.framework in Frameworks */ = {isa = PBXBuildFile; fileRef = 77FF15DC19A7D22B00F67F41 /* CoreGraphics.framework */; };
		77FF15DF19A7D22B00F67F41 /* UIKit.framework in Frameworks */ = {isa = PBXBuildFile; fileRef = 77FF15DE19A7D22B00F67F41 /* UIKit.framework */; };
		77FF15E519A7D22B00F67F41 /* InfoPlist.strings in Resources */ = {isa = PBXBuildFile; fileRef = 77FF15E319A7D22B00F67F41 /* InfoPlist.strings */; };
		77FF15E719A7D22B00F67F41 /* main.m in Sources */ = {isa = PBXBuildFile; fileRef = 77FF15E619A7D22B00F67F41 /* main.m */; };
		77FF15EB19A7D22B00F67F41 /* BIDAppDelegate.m in Sources */ = {isa = PBXBuildFile; fileRef = 77FF15EA19A7D22B00F67F41 /* BIDAppDelegate.m */; };
		77FF15ED19A7D22B00F67F41 /* Images.xcassets in Resources */ = {isa = PBXBuildFile; fileRef = 77FF15EC19A7D22B00F67F41 /* Images.xcassets */; };
		77FF15F419A7D22B00F67F41 /* XCTest.framework in Frameworks */ = {isa = PBXBuildFile; fileRef = 77FF15F319A7D22B00F67F41 /* XCTest.framework */; };
		77FF15F519A7D22B00F67F41 /* Foundation.framework in Frameworks */ = {isa = PBXBuildFile; fileRef = 77FF15DA19A7D22B00F67F41 /* Foundation.framework */; };
		77FF15F619A7D22B00F67F41 /* UIKit.framework in Frameworks */ = {isa = PBXBuildFile; fileRef = 77FF15DE19A7D22B00F67F41 /* UIKit.framework */; };
		77FF15FE19A7D22B00F67F41 /* InfoPlist.strings in Resources */ = {isa = PBXBuildFile; fileRef = 77FF15FC19A7D22B00F67F41 /* InfoPlist.strings */; };
		77FF160019A7D22B00F67F41 /* ViewSwitcherTests.m in Sources */ = {isa = PBXBuildFile; fileRef = 77FF15FF19A7D22B00F67F41 /* ViewSwitcherTests.m */; };
		77FF160B19A7D2C800F67F41 /* BIDSwitchViewController.m in Sources */ = {isa = PBXBuildFile; fileRef = 77FF160A19A7D2C800F67F41 /* BIDSwitchViewController.m */; };
		77FF160E19A7D3C500F67F41 /* BIDBlueViewController.m in Sources */ = {isa = PBXBuildFile; fileRef = 77FF160D19A7D3C500F67F41 /* BIDBlueViewController.m */; };
		77FF161119A7D3E900F67F41 /* BIDYellowViewController.m in Sources */ = {isa = PBXBuildFile; fileRef = 77FF161019A7D3E900F67F41 /* BIDYellowViewController.m */; };
		77FF161519A7D7BC00F67F41 /* Main.storyboard in Resources */ = {isa = PBXBuildFile; fileRef = 77FF161419A7D7BC00F67F41 /* Main.storyboard */; };
/* End PBXBuildFile section */

/* Begin PBXContainerItemProxy section */
		77FF15F719A7D22B00F67F41 /* PBXContainerItemProxy */ = {
			isa = PBXContainerItemProxy;
			containerPortal = 77FF15CF19A7D22B00F67F41 /* Project object */;
			proxyType = 1;
			remoteGlobalIDString = 77FF15D619A7D22B00F67F41;
			remoteInfo = ViewSwitcher;
		};
/* End PBXContainerItemProxy section */

/* Begin PBXFileReference section */
		77FF15D719A7D22B00F67F41 /* ViewSwitcher.app */ = {isa = PBXFileReference; explicitFileType = wrapper.application; includeInIndex = 0; path = ViewSwitcher.app; sourceTree = BUILT_PRODUCTS_DIR; };
		77FF15DA19A7D22B00F67F41 /* Foundation.framework */ = {isa = PBXFileReference; lastKnownFileType = wrapper.framework; name = Foundation.framework; path = System/Library/Frameworks/Foundation.framework; sourceTree = SDKROOT; };
		77FF15DC19A7D22B00F67F41 /* CoreGraphics.framework */ = {isa = PBXFileReference; lastKnownFileType = wrapper.framework; name = CoreGraphics.framework; path = System/Library/Frameworks/CoreGraphics.framework; sourceTree = SDKROOT; };
		77FF15DE19A7D22B00F67F41 /* UIKit.framework */ = {isa = PBXFileReference; lastKnownFileType = wrapper.framework; name = UIKit.framework; path = System/Library/Frameworks/UIKit.framework; sourceTree = SDKROOT; };
		77FF15E219A7D22B00F67F41 /* ViewSwitcher-Info.plist */ = {isa = PBXFileReference; lastKnownFileType = text.plist.xml; path = "ViewSwitcher-Info.plist"; sourceTree = "<group>"; };
		77FF15E419A7D22B00F67F41 /* en */ = {isa = PBXFileReference; lastKnownFileType = text.plist.strings; name = en; path = en.lproj/InfoPlist.strings; sourceTree = "<group>"; };
		77FF15E619A7D22B00F67F41 /* main.m */ = {isa = PBXFileReference; lastKnownFileType = sourcecode.c.objc; path = main.m; sourceTree = "<group>"; };
		77FF15E819A7D22B00F67F41 /* ViewSwitcher-Prefix.pch */ = {isa = PBXFileReference; lastKnownFileType = sourcecode.c.h; path = "ViewSwitcher-Prefix.pch"; sourceTree = "<group>"; };
		77FF15E919A7D22B00F67F41 /* BIDAppDelegate.h */ = {isa = PBXFileReference; lastKnownFileType = sourcecode.c.h; path = BIDAppDelegate.h; sourceTree = "<group>"; };
		77FF15EA19A7D22B00F67F41 /* BIDAppDelegate.m */ = {isa = PBXFileReference; lastKnownFileType = sourcecode.c.objc; path = BIDAppDelegate.m; sourceTree = "<group>"; };
		77FF15EC19A7D22B00F67F41 /* Images.xcassets */ = {isa = PBXFileReference; lastKnownFileType = folder.assetcatalog; path = Images.xcassets; sourceTree = "<group>"; };
		77FF15F219A7D22B00F67F41 /* ViewSwitcherTests.xctest */ = {isa = PBXFileReference; explicitFileType = wrapper.cfbundle; includeInIndex = 0; path = ViewSwitcherTests.xctest; sourceTree = BUILT_PRODUCTS_DIR; };
		77FF15F319A7D22B00F67F41 /* XCTest.framework */ = {isa = PBXFileReference; lastKnownFileType = wrapper.framework; name = XCTest.framework; path = Library/Frameworks/XCTest.framework; sourceTree = DEVELOPER_DIR; };
		77FF15FB19A7D22B00F67F41 /* ViewSwitcherTests-Info.plist */ = {isa = PBXFileReference; lastKnownFileType = text.plist.xml; path = "ViewSwitcherTests-Info.plist"; sourceTree = "<group>"; };
		77FF15FD19A7D22B00F67F41 /* en */ = {isa = PBXFileReference; lastKnownFileType = text.plist.strings; name = en; path = en.lproj/InfoPlist.strings; sourceTree = "<group>"; };
		77FF15FF19A7D22B00F67F41 /* ViewSwitcherTests.m */ = {isa = PBXFileReference; lastKnownFileType = sourcecode.c.objc; path = ViewSwitcherTests.m; sourceTree = "<group>"; };
		77FF160919A7D2C800F67F41 /* BIDSwitchViewController.h */ = {isa = PBXFileReference; fileEncoding = 4; lastKnownFileType = sourcecode.c.h; path = BIDSwitchViewController.h; sourceTree = "<group>"; };
		77FF160A19A7D2C800F67F41 /* BIDSwitchViewController.m */ = {isa = PBXFileReference; fileEncoding = 4; lastKnownFileType = sourcecode.c.objc; path = BIDSwitchViewController.m; sourceTree = "<group>"; };
		77FF160C19A7D3C500F67F41 /* BIDBlueViewController.h */ = {isa = PBXFileReference; fileEncoding = 4; lastKnownFileType = sourcecode.c.h; path = BIDBlueViewController.h; sourceTree = "<group>"; };
		77FF160D19A7D3C500F67F41 /* BIDBlueViewController.m */ = {isa = PBXFileReference; fileEncoding = 4; lastKnownFileType = sourcecode.c.objc; path = BIDBlueViewController.m; sourceTree = "<group>"; };
		77FF160F19A7D3E900F67F41 /* BIDYellowViewController.h */ = {isa = PBXFileReference; fileEncoding = 4; lastKnownFileType = sourcecode.c.h; path = BIDYellowViewController.h; sourceTree = "<group>"; };
		77FF161019A7D3E900F67F41 /* BIDYellowViewController.m */ = {isa = PBXFileReference; fileEncoding = 4; lastKnownFileType = sourcecode.c.objc; path = BIDYellowViewController.m; sourceTree = "<group>"; };
		77FF161419A7D7BC00F67F41 /* Main.storyboard */ = {isa = PBXFileReference; fileEncoding = 4; lastKnownFileType = file.storyboard; path = Main.storyboard; sourceTree = "<group>"; };
/* End PBXFileReference section */

/* Begin PBXFrameworksBuildPhase section */
		77FF15D419A7D22B00F67F41 /* Frameworks */ = {
			isa = PBXFrameworksBuildPhase;
			buildActionMask = 2147483647;
			files = (
				77FF15DD19A7D22B00F67F41 /* CoreGraphics.framework in Frameworks */,
				77FF15DF19A7D22B00F67F41 /* UIKit.framework in Frameworks */,
				77FF15DB19A7D22B00F67F41 /* Foundation.framework in Frameworks */,
			);
			runOnlyForDeploymentPostprocessing = 0;
		};
		77FF15EF19A7D22B00F67F41 /* Frameworks */ = {
			isa = PBXFrameworksBuildPhase;
			buildActionMask = 2147483647;
			files = (
				77FF15F419A7D22B00F67F41 /* XCTest.framework in Frameworks */,
				77FF15F619A7D22B00F67F41 /* UIKit.framework in Frameworks */,
				77FF15F519A7D22B00F67F41 /* Foundation.framework in Frameworks */,
			);
			runOnlyForDeploymentPostprocessing = 0;
		};
/* End PBXFrameworksBuildPhase section */

/* Begin PBXGroup section */
		77FF15CE19A7D22B00F67F41 = {
			isa = PBXGroup;
			children = (
				77FF15E019A7D22B00F67F41 /* ViewSwitcher */,
				77FF15F919A7D22B00F67F41 /* ViewSwitcherTests */,
				77FF15D919A7D22B00F67F41 /* Frameworks */,
				77FF15D819A7D22B00F67F41 /* Products */,
			);
			sourceTree = "<group>";
		};
		77FF15D819A7D22B00F67F41 /* Products */ = {
			isa = PBXGroup;
			children = (
				77FF15D719A7D22B00F67F41 /* ViewSwitcher.app */,
				77FF15F219A7D22B00F67F41 /* ViewSwitcherTests.xctest */,
			);
			name = Products;
			sourceTree = "<group>";
		};
		77FF15D919A7D22B00F67F41 /* Frameworks */ = {
			isa = PBXGroup;
			children = (
				77FF15DA19A7D22B00F67F41 /* Foundation.framework */,
				77FF15DC19A7D22B00F67F41 /* CoreGraphics.framework */,
				77FF15DE19A7D22B00F67F41 /* UIKit.framework */,
				77FF15F319A7D22B00F67F41 /* XCTest.framework */,
			);
			name = Frameworks;
			sourceTree = "<group>";
		};
		77FF15E019A7D22B00F67F41 /* ViewSwitcher */ = {
			isa = PBXGroup;
			children = (
				77FF15E919A7D22B00F67F41 /* BIDAppDelegate.h */,
				77FF15EA19A7D22B00F67F41 /* BIDAppDelegate.m */,
				77FF15EC19A7D22B00F67F41 /* Images.xcassets */,
				77FF15E119A7D22B00F67F41 /* Supporting Files */,
				77FF160919A7D2C800F67F41 /* BIDSwitchViewController.h */,
				77FF160A19A7D2C800F67F41 /* BIDSwitchViewController.m */,
				77FF160C19A7D3C500F67F41 /* BIDBlueViewController.h */,
				77FF160D19A7D3C500F67F41 /* BIDBlueViewController.m */,
				77FF160F19A7D3E900F67F41 /* BIDYellowViewController.h */,
				77FF161019A7D3E900F67F41 /* BIDYellowViewController.m */,
				77FF161419A7D7BC00F67F41 /* Main.storyboard */,
			);
			path = ViewSwitcher;
			sourceTree = "<group>";
		};
		77FF15E119A7D22B00F67F41 /* Supporting Files */ = {
			isa = PBXGroup;
			children = (
				77FF15E219A7D22B00F67F41 /* ViewSwitcher-Info.plist */,
				77FF15E319A7D22B00F67F41 /* InfoPlist.strings */,
				77FF15E619A7D22B00F67F41 /* main.m */,
				77FF15E819A7D22B00F67F41 /* ViewSwitcher-Prefix.pch */,
			);
			name = "Supporting Files";
			sourceTree = "<group>";
		};
		77FF15F919A7D22B00F67F41 /* ViewSwitcherTests */ = {
			isa = PBXGroup;
			children = (
				77FF15FF19A7D22B00F67F41 /* ViewSwitcherTests.m */,
				77FF15FA19A7D22B00F67F41 /* Supporting Files */,
			);
			path = ViewSwitcherTests;
			sourceTree = "<group>";
		};
		77FF15FA19A7D22B00F67F41 /* Supporting Files */ = {
			isa = PBXGroup;
			children = (
				77FF15FB19A7D22B00F67F41 /* ViewSwitcherTests-Info.plist */,
				77FF15FC19A7D22B00F67F41 /* InfoPlist.strings */,
			);
			name = "Supporting Files";
			sourceTree = "<group>";
		};
/* End PBXGroup section */

/* Begin PBXNativeTarget section */
		77FF15D619A7D22B00F67F41 /* ViewSwitcher */ = {
			isa = PBXNativeTarget;
			buildConfigurationList = 77FF160319A7D22B00F67F41 /* Build configuration list for PBXNativeTarget "ViewSwitcher" */;
			buildPhases = (
				77FF15D319A7D22B00F67F41 /* Sources */,
				77FF15D419A7D22B00F67F41 /* Frameworks */,
				77FF15D519A7D22B00F67F41 /* Resources */,
			);
			buildRules = (
			);
			dependencies = (
			);
			name = ViewSwitcher;
			productName = ViewSwitcher;
			productReference = 77FF15D719A7D22B00F67F41 /* ViewSwitcher.app */;
			productType = "com.apple.product-type.application";
		};
		77FF15F119A7D22B00F67F41 /* ViewSwitcherTests */ = {
			isa = PBXNativeTarget;
			buildConfigurationList = 77FF160619A7D22B00F67F41 /* Build configuration list for PBXNativeTarget "ViewSwitcherTests" */;
			buildPhases = (
				77FF15EE19A7D22B00F67F41 /* Sources */,
				77FF15EF19A7D22B00F67F41 /* Frameworks */,
				77FF15F019A7D22B00F67F41 /* Resources */,
			);
			buildRules = (
			);
			dependencies = (
				77FF15F819A7D22B00F67F41 /* PBXTargetDependency */,
			);
			name = ViewSwitcherTests;
			productName = ViewSwitcherTests;
			productReference = 77FF15F219A7D22B00F67F41 /* ViewSwitcherTests.xctest */;
			productType = "com.apple.product-type.bundle.unit-test";
		};
/* End PBXNativeTarget section */

/* Begin PBXProject section */
		77FF15CF19A7D22B00F67F41 /* Project object */ = {
			isa = PBXProject;
			attributes = {
				CLASSPREFIX = BID;
				LastUpgradeCheck = 0510;
				ORGANIZATIONNAME = blakestiller;
				TargetAttributes = {
					77FF15F119A7D22B00F67F41 = {
						TestTargetID = 77FF15D619A7D22B00F67F41;
					};
				};
			};
			buildConfigurationList = 77FF15D219A7D22B00F67F41 /* Build configuration list for PBXProject "ViewSwitcher" */;
			compatibilityVersion = "Xcode 3.2";
			developmentRegion = English;
			hasScannedForEncodings = 0;
			knownRegions = (
				en,
			);
			mainGroup = 77FF15CE19A7D22B00F67F41;
			productRefGroup = 77FF15D819A7D22B00F67F41 /* Products */;
			projectDirPath = "";
			projectRoot = "";
			targets = (
				77FF15D619A7D22B00F67F41 /* ViewSwitcher */,
				77FF15F119A7D22B00F67F41 /* ViewSwitcherTests */,
			);
		};
/* End PBXProject section */

/* Begin PBXResourcesBuildPhase section */
		77FF15D519A7D22B00F67F41 /* Resources */ = {
			isa = PBXResourcesBuildPhase;
			buildActionMask = 2147483647;
			files = (
				77FF161519A7D7BC00F67F41 /* Main.storyboard in Resources */,
				77FF15E519A7D22B00F67F41 /* InfoPlist.strings in Resources */,
				77FF15ED19A7D22B00F67F41 /* Images.xcassets in Resources */,
			);
			runOnlyForDeploymentPostprocessing = 0;
		};
		77FF15F019A7D22B00F67F41 /* Resources */ = {
			isa = PBXResourcesBuildPhase;
			buildActionMask = 2147483647;
			files = (
				77FF15FE19A7D22B00F67F41 /* InfoPlist.strings in Resources */,
			);
			runOnlyForDeploymentPostprocessing = 0;
		};
/* End PBXResourcesBuildPhase section */

/* Begin PBXSourcesBuildPhase section */
		77FF15D319A7D22B00F67F41 /* Sources */ = {
			isa = PBXSourcesBuildPhase;
			buildActionMask = 2147483647;
			files = (
				77FF161119A7D3E900F67F41 /* BIDYellowViewController.m in Sources */,
				77FF160E19A7D3C500F67F41 /* BIDBlueViewController.m in Sources */,
				77FF15EB19A7D22B00F67F41 /* BIDAppDelegate.m in Sources */,
				77FF15E719A7D22B00F67F41 /* main.m in Sources */,
				77FF160B19A7D2C800F67F41 /* BIDSwitchViewController.m in Sources */,
			);
			runOnlyForDeploymentPostprocessing = 0;
		};
		77FF15EE19A7D22B00F67F41 /* Sources */ = {
			isa = PBXSourcesBuildPhase;
			buildActionMask = 2147483647;
			files = (
				77FF160019A7D22B00F67F41 /* ViewSwitcherTests.m in Sources */,
			);
			runOnlyForDeploymentPostprocessing = 0;
		};
/* End PBXSourcesBuildPhase section */

/* Begin PBXTargetDependency section */
		77FF15F819A7D22B00F67F41 /* PBXTargetDependency */ = {
			isa = PBXTargetDependency;
			target = 77FF15D619A7D22B00F67F41 /* ViewSwitcher */;
			targetProxy = 77FF15F719A7D22B00F67F41 /* PBXContainerItemProxy */;
		};
/* End PBXTargetDependency section */

/* Begin PBXVariantGroup section */
		77FF15E319A7D22B00F67F41 /* InfoPlist.strings */ = {
			isa = PBXVariantGroup;
			children = (
				77FF15E419A7D22B00F67F41 /* en */,
			);
			name = InfoPlist.strings;
			sourceTree = "<group>";
		};
		77FF15FC19A7D22B00F67F41 /* InfoPlist.strings */ = {
			isa = PBXVariantGroup;
			children = (
				77FF15FD19A7D22B00F67F41 /* en */,
			);
			name = InfoPlist.strings;
			sourceTree = "<group>";
		};
/* End PBXVariantGroup section */

/* Begin XCBuildConfiguration section */
		77FF160119A7D22B00F67F41 /* Debug */ = {
			isa = XCBuildConfiguration;
			buildSettings = {
				ALWAYS_SEARCH_USER_PATHS = NO;
				CLANG_CXX_LANGUAGE_STANDARD = "gnu++0x";
				CLANG_CXX_LIBRARY = "libc++";
				CLANG_ENABLE_MODULES = YES;
				CLANG_ENABLE_OBJC_ARC = YES;
				CLANG_WARN_BOOL_CONVERSION = YES;
				CLANG_WARN_CONSTANT_CONVERSION = YES;
				CLANG_WARN_DIRECT_OBJC_ISA_USAGE = YES_ERROR;
				CLANG_WARN_EMPTY_BODY = YES;
				CLANG_WARN_ENUM_CONVERSION = YES;
				CLANG_WARN_INT_CONVERSION = YES;
				CLANG_WARN_OBJC_ROOT_CLASS = YES_ERROR;
				CLANG_WARN__DUPLICATE_METHOD_MATCH = YES;
				"CODE_SIGN_IDENTITY[sdk=iphoneos*]" = "iPhone Developer";
				COPY_PHASE_STRIP = NO;
				GCC_C_LANGUAGE_STANDARD = gnu99;
				GCC_DYNAMIC_NO_PIC = NO;
				GCC_OPTIMIZATION_LEVEL = 0;
				GCC_PREPROCESSOR_DEFINITIONS = (
					"DEBUG=1",
					"$(inherited)",
				);
				GCC_SYMBOLS_PRIVATE_EXTERN = NO;
				GCC_WARN_64_TO_32_BIT_CONVERSION = YES;
				GCC_WARN_ABOUT_RETURN_TYPE = YES_ERROR;
				GCC_WARN_UNDECLARED_SELECTOR = YES;
				GCC_WARN_UNINITIALIZED_AUTOS = YES_AGGRESSIVE;
				GCC_WARN_UNUSED_FUNCTION = YES;
				GCC_WARN_UNUSED_VARIABLE = YES;
				IPHONEOS_DEPLOYMENT_TARGET = 7.1;
				ONLY_ACTIVE_ARCH = YES;
				SDKROOT = iphoneos;
			};
			name = Debug;
		};
		77FF160219A7D22B00F67F41 /* Release */ = {
			isa = XCBuildConfiguration;
			buildSettings = {
				ALWAYS_SEARCH_USER_PATHS = NO;
				CLANG_CXX_LANGUAGE_STANDARD = "gnu++0x";
				CLANG_CXX_LIBRARY = "libc++";
				CLANG_ENABLE_MODULES = YES;
				CLANG_ENABLE_OBJC_ARC = YES;
				CLANG_WARN_BOOL_CONVERSION = YES;
				CLANG_WARN_CONSTANT_CONVERSION = YES;
				CLANG_WARN_DIRECT_OBJC_ISA_USAGE = YES_ERROR;
				CLANG_WARN_EMPTY_BODY = YES;
				CLANG_WARN_ENUM_CONVERSION = YES;
				CLANG_WARN_INT_CONVERSION = YES;
				CLANG_WARN_OBJC_ROOT_CLASS = YES_ERROR;
				CLANG_WARN__DUPLICATE_METHOD_MATCH = YES;
				"CODE_SIGN_IDENTITY[sdk=iphoneos*]" = "iPhone Developer";
				COPY_PHASE_STRIP = YES;
				ENABLE_NS_ASSERTIONS = NO;
				GCC_C_LANGUAGE_STANDARD = gnu99;
				GCC_WARN_64_TO_32_BIT_CONVERSION = YES;
				GCC_WARN_ABOUT_RETURN_TYPE = YES_ERROR;
				GCC_WARN_UNDECLARED_SELECTOR = YES;
				GCC_WARN_UNINITIALIZED_AUTOS = YES_AGGRESSIVE;
				GCC_WARN_UNUSED_FUNCTION = YES;
				GCC_WARN_UNUSED_VARIABLE = YES;
				IPHONEOS_DEPLOYMENT_TARGET = 7.1;
				SDKROOT = iphoneos;
				VALIDATE_PRODUCT = YES;
			};
			name = Release;
		};
		77FF160419A7D22B00F67F41 /* Debug */ = {
			isa = XCBuildConfiguration;
			buildSettings = {
				ASSETCATALOG_COMPILER_APPICON_NAME = AppIcon;
				ASSETCATALOG_COMPILER_LAUNCHIMAGE_NAME = LaunchImage;
				GCC_PRECOMPILE_PREFIX_HEADER = YES;
				GCC_PREFIX_HEADER = "ViewSwitcher/ViewSwitcher-Prefix.pch";
				INFOPLIST_FILE = "ViewSwitcher/ViewSwitcher-Info.plist";
				PRODUCT_NAME = "$(TARGET_NAME)";
				WRAPPER_EXTENSION = app;
			};
			name = Debug;
		};
		77FF160519A7D22B00F67F41 /* Release */ = {
			isa = XCBuildConfiguration;
			buildSettings = {
				ASSETCATALOG_COMPILER_APPICON_NAME = AppIcon;
				ASSETCATALOG_COMPILER_LAUNCHIMAGE_NAME = LaunchImage;
				GCC_PRECOMPILE_PREFIX_HEADER = YES;
				GCC_PREFIX_HEADER = "ViewSwitcher/ViewSwitcher-Prefix.pch";
				INFOPLIST_FILE = "ViewSwitcher/ViewSwitcher-Info.plist";
				PRODUCT_NAME = "$(TARGET_NAME)";
				WRAPPER_EXTENSION = app;
			};
			name = Release;
		};
		77FF160719A7D22B00F67F41 /* Debug */ = {
			isa = XCBuildConfiguration;
			buildSettings = {
				BUNDLE_LOADER = "$(BUILT_PRODUCTS_DIR)/ViewSwitcher.app/ViewSwitcher";
				FRAMEWORK_SEARCH_PATHS = (
					"$(SDKROOT)/Developer/Library/Frameworks",
					"$(inherited)",
					"$(DEVELOPER_FRAMEWORKS_DIR)",
				);
				GCC_PRECOMPILE_PREFIX_HEADER = YES;
				GCC_PREFIX_HEADER = "ViewSwitcher/ViewSwitcher-Prefix.pch";
				GCC_PREPROCESSOR_DEFINITIONS = (
					"DEBUG=1",
					"$(inherited)",
				);
				INFOPLIST_FILE = "ViewSwitcherTests/ViewSwitcherTests-Info.plist";
				PRODUCT_NAME = "$(TARGET_NAME)";
				TEST_HOST = "$(BUNDLE_LOADER)";
				WRAPPER_EXTENSION = xctest;
			};
			name = Debug;
		};
		77FF160819A7D22B00F67F41 /* Release */ = {
			isa = XCBuildConfiguration;
			buildSettings = {
				BUNDLE_LOADER = "$(BUILT_PRODUCTS_DIR)/ViewSwitcher.app/ViewSwitcher";
				FRAMEWORK_SEARCH_PATHS = (
					"$(SDKROOT)/Developer/Library/Frameworks",
					"$(inherited)",
					"$(DEVELOPER_FRAMEWORKS_DIR)",
				);
				GCC_PRECOMPILE_PREFIX_HEADER = YES;
				GCC_PREFIX_HEADER = "ViewSwitcher/ViewSwitcher-Prefix.pch";
				INFOPLIST_FILE = "ViewSwitcherTests/ViewSwitcherTests-Info.plist";
				PRODUCT_NAME = "$(TARGET_NAME)";
				TEST_HOST = "$(BUNDLE_LOADER)";
				WRAPPER_EXTENSION = xctest;
			};
			name = Release;
		};
/* End XCBuildConfiguration section */

/* Begin XCConfigurationList section */
		77FF15D219A7D22B00F67F41 /* Build configuration list for PBXProject "ViewSwitcher" */ = {
			isa = XCConfigurationList;
			buildConfigurations = (
				77FF160119A7D22B00F67F41 /* Debug */,
				77FF160219A7D22B00F67F41 /* Release */,
			);
			defaultConfigurationIsVisible = 0;
			defaultConfigurationName = Release;
		};
		77FF160319A7D22B00F67F41 /* Build configuration list for PBXNativeTarget "ViewSwitcher" */ = {
			isa = XCConfigurationList;
			buildConfigurations = (
				77FF160419A7D22B00F67F41 /* Debug */,
				77FF160519A7D22B00F67F41 /* Release */,
			);
			defaultConfigurationIsVisible = 0;
			defaultConfigurationName = Release;
		};
		77FF160619A7D22B00F67F41 /* Build configuration list for PBXNativeTarget "ViewSwitcherTests" */ = {
			isa = XCConfigurationList;
			buildConfigurations = (
				77FF160719A7D22B00F67F41 /* Debug */,
				77FF160819A7D22B00F67F41 /* Release */,
			);
			defaultConfigurationIsVisible = 0;
			defaultConfigurationName = Release;
		};
/* End XCConfigurationList section */
	};
	rootObject = 77FF15CF19A7D22B00F67F41 /* Project object */;
}
