// !$*UTF8*$!
{
	archiveVersion = 1;
	classes = {
	};
	objectVersion = 46;
	objects = {

/* Begin PBXBuildFile section */
		771171BB19ACF7B500F9BAB9 /* Foundation.framework in Frameworks */ = {isa = PBXBuildFile; fileRef = 771171BA19ACF7B500F9BAB9 /* Foundation.framework */; };
		771171BD19ACF7B500F9BAB9 /* CoreGraphics.framework in Frameworks */ = {isa = PBXBuildFile; fileRef = 771171BC19ACF7B500F9BAB9 /* CoreGraphics.framework */; };
		771171BF19ACF7B500F9BAB9 /* UIKit.framework in Frameworks */ = {isa = PBXBuildFile; fileRef = 771171BE19ACF7B500F9BAB9 /* UIKit.framework */; };
		771171C519ACF7B500F9BAB9 /* InfoPlist.strings in Resources */ = {isa = PBXBuildFile; fileRef = 771171C319ACF7B500F9BAB9 /* InfoPlist.strings */; };
		771171C719ACF7B500F9BAB9 /* main.m in Sources */ = {isa = PBXBuildFile; fileRef = 771171C619ACF7B500F9BAB9 /* main.m */; };
		771171CB19ACF7B500F9BAB9 /* BIDAppDelegate.m in Sources */ = {isa = PBXBuildFile; fileRef = 771171CA19ACF7B500F9BAB9 /* BIDAppDelegate.m */; };
		771171CD19ACF7B500F9BAB9 /* Images.xcassets in Resources */ = {isa = PBXBuildFile; fileRef = 771171CC19ACF7B500F9BAB9 /* Images.xcassets */; };
		771171D419ACF7B500F9BAB9 /* XCTest.framework in Frameworks */ = {isa = PBXBuildFile; fileRef = 771171D319ACF7B500F9BAB9 /* XCTest.framework */; };
		771171D519ACF7B500F9BAB9 /* Foundation.framework in Frameworks */ = {isa = PBXBuildFile; fileRef = 771171BA19ACF7B500F9BAB9 /* Foundation.framework */; };
		771171D619ACF7B500F9BAB9 /* UIKit.framework in Frameworks */ = {isa = PBXBuildFile; fileRef = 771171BE19ACF7B500F9BAB9 /* UIKit.framework */; };
		771171DE19ACF7B500F9BAB9 /* InfoPlist.strings in Resources */ = {isa = PBXBuildFile; fileRef = 771171DC19ACF7B500F9BAB9 /* InfoPlist.strings */; };
		771171E019ACF7B500F9BAB9 /* PickerTests.m in Sources */ = {isa = PBXBuildFile; fileRef = 771171DF19ACF7B500F9BAB9 /* PickerTests.m */; };
		771171EB19ACF80C00F9BAB9 /* BIDDatePickerViewController.m in Sources */ = {isa = PBXBuildFile; fileRef = 771171EA19ACF80C00F9BAB9 /* BIDDatePickerViewController.m */; };
		771171EE19ACF83700F9BAB9 /* BIDSingleComponentPickerViewController.m in Sources */ = {isa = PBXBuildFile; fileRef = 771171ED19ACF83700F9BAB9 /* BIDSingleComponentPickerViewController.m */; };
		771171F119ACF85100F9BAB9 /* BIDDoubleComponentPickerViewController.m in Sources */ = {isa = PBXBuildFile; fileRef = 771171F019ACF85100F9BAB9 /* BIDDoubleComponentPickerViewController.m */; };
		771171F419ACF87100F9BAB9 /* BIDDependantComponentPickerViewController.m in Sources */ = {isa = PBXBuildFile; fileRef = 771171F319ACF87100F9BAB9 /* BIDDependantComponentPickerViewController.m */; };
		771171F719ACF88800F9BAB9 /* BIDCustomPickerViewController.m in Sources */ = {isa = PBXBuildFile; fileRef = 771171F619ACF88800F9BAB9 /* BIDCustomPickerViewController.m */; };
		778DC61F19AD0E05004A9B6F /* Main.storyboard in Resources */ = {isa = PBXBuildFile; fileRef = 778DC61E19AD0E05004A9B6F /* Main.storyboard */; };
/* End PBXBuildFile section */

/* Begin PBXContainerItemProxy section */
		771171D719ACF7B500F9BAB9 /* PBXContainerItemProxy */ = {
			isa = PBXContainerItemProxy;
			containerPortal = 771171AF19ACF7B500F9BAB9 /* Project object */;
			proxyType = 1;
			remoteGlobalIDString = 771171B619ACF7B500F9BAB9;
			remoteInfo = Picker;
		};
/* End PBXContainerItemProxy section */

/* Begin PBXFileReference section */
		771171B719ACF7B500F9BAB9 /* Picker.app */ = {isa = PBXFileReference; explicitFileType = wrapper.application; includeInIndex = 0; path = Picker.app; sourceTree = BUILT_PRODUCTS_DIR; };
		771171BA19ACF7B500F9BAB9 /* Foundation.framework */ = {isa = PBXFileReference; lastKnownFileType = wrapper.framework; name = Foundation.framework; path = System/Library/Frameworks/Foundation.framework; sourceTree = SDKROOT; };
		771171BC19ACF7B500F9BAB9 /* CoreGraphics.framework */ = {isa = PBXFileReference; lastKnownFileType = wrapper.framework; name = CoreGraphics.framework; path = System/Library/Frameworks/CoreGraphics.framework; sourceTree = SDKROOT; };
		771171BE19ACF7B500F9BAB9 /* UIKit.framework */ = {isa = PBXFileReference; lastKnownFileType = wrapper.framework; name = UIKit.framework; path = System/Library/Frameworks/UIKit.framework; sourceTree = SDKROOT; };
		771171C219ACF7B500F9BAB9 /* Picker-Info.plist */ = {isa = PBXFileReference; lastKnownFileType = text.plist.xml; path = "Picker-Info.plist"; sourceTree = "<group>"; };
		771171C419ACF7B500F9BAB9 /* en */ = {isa = PBXFileReference; lastKnownFileType = text.plist.strings; name = en; path = en.lproj/InfoPlist.strings; sourceTree = "<group>"; };
		771171C619ACF7B500F9BAB9 /* main.m */ = {isa = PBXFileReference; lastKnownFileType = sourcecode.c.objc; path = main.m; sourceTree = "<group>"; };
		771171C819ACF7B500F9BAB9 /* Picker-Prefix.pch */ = {isa = PBXFileReference; lastKnownFileType = sourcecode.c.h; path = "Picker-Prefix.pch"; sourceTree = "<group>"; };
		771171C919ACF7B500F9BAB9 /* BIDAppDelegate.h */ = {isa = PBXFileReference; lastKnownFileType = sourcecode.c.h; path = BIDAppDelegate.h; sourceTree = "<group>"; };
		771171CA19ACF7B500F9BAB9 /* BIDAppDelegate.m */ = {isa = PBXFileReference; lastKnownFileType = sourcecode.c.objc; path = BIDAppDelegate.m; sourceTree = "<group>"; };
		771171CC19ACF7B500F9BAB9 /* Images.xcassets */ = {isa = PBXFileReference; lastKnownFileType = folder.assetcatalog; path = Images.xcassets; sourceTree = "<group>"; };
		771171D219ACF7B500F9BAB9 /* PickerTests.xctest */ = {isa = PBXFileReference; explicitFileType = wrapper.cfbundle; includeInIndex = 0; path = PickerTests.xctest; sourceTree = BUILT_PRODUCTS_DIR; };
		771171D319ACF7B500F9BAB9 /* XCTest.framework */ = {isa = PBXFileReference; lastKnownFileType = wrapper.framework; name = XCTest.framework; path = Library/Frameworks/XCTest.framework; sourceTree = DEVELOPER_DIR; };
		771171DB19ACF7B500F9BAB9 /* PickerTests-Info.plist */ = {isa = PBXFileReference; lastKnownFileType = text.plist.xml; path = "PickerTests-Info.plist"; sourceTree = "<group>"; };
		771171DD19ACF7B500F9BAB9 /* en */ = {isa = PBXFileReference; lastKnownFileType = text.plist.strings; name = en; path = en.lproj/InfoPlist.strings; sourceTree = "<group>"; };
		771171DF19ACF7B500F9BAB9 /* PickerTests.m */ = {isa = PBXFileReference; lastKnownFileType = sourcecode.c.objc; path = PickerTests.m; sourceTree = "<group>"; };
		771171E919ACF80C00F9BAB9 /* BIDDatePickerViewController.h */ = {isa = PBXFileReference; fileEncoding = 4; lastKnownFileType = sourcecode.c.h; path = BIDDatePickerViewController.h; sourceTree = "<group>"; };
		771171EA19ACF80C00F9BAB9 /* BIDDatePickerViewController.m */ = {isa = PBXFileReference; fileEncoding = 4; lastKnownFileType = sourcecode.c.objc; path = BIDDatePickerViewController.m; sourceTree = "<group>"; };
		771171EC19ACF83700F9BAB9 /* BIDSingleComponentPickerViewController.h */ = {isa = PBXFileReference; fileEncoding = 4; lastKnownFileType = sourcecode.c.h; path = BIDSingleComponentPickerViewController.h; sourceTree = "<group>"; };
		771171ED19ACF83700F9BAB9 /* BIDSingleComponentPickerViewController.m */ = {isa = PBXFileReference; fileEncoding = 4; lastKnownFileType = sourcecode.c.objc; path = BIDSingleComponentPickerViewController.m; sourceTree = "<group>"; };
		771171EF19ACF85100F9BAB9 /* BIDDoubleComponentPickerViewController.h */ = {isa = PBXFileReference; fileEncoding = 4; lastKnownFileType = sourcecode.c.h; path = BIDDoubleComponentPickerViewController.h; sourceTree = "<group>"; };
		771171F019ACF85100F9BAB9 /* BIDDoubleComponentPickerViewController.m */ = {isa = PBXFileReference; fileEncoding = 4; lastKnownFileType = sourcecode.c.objc; path = BIDDoubleComponentPickerViewController.m; sourceTree = "<group>"; };
		771171F219ACF87100F9BAB9 /* BIDDependantComponentPickerViewController.h */ = {isa = PBXFileReference; fileEncoding = 4; lastKnownFileType = sourcecode.c.h; path = BIDDependantComponentPickerViewController.h; sourceTree = "<group>"; };
		771171F319ACF87100F9BAB9 /* BIDDependantComponentPickerViewController.m */ = {isa = PBXFileReference; fileEncoding = 4; lastKnownFileType = sourcecode.c.objc; path = BIDDependantComponentPickerViewController.m; sourceTree = "<group>"; };
		771171F519ACF88800F9BAB9 /* BIDCustomPickerViewController.h */ = {isa = PBXFileReference; fileEncoding = 4; lastKnownFileType = sourcecode.c.h; path = BIDCustomPickerViewController.h; sourceTree = "<group>"; };
		771171F619ACF88800F9BAB9 /* BIDCustomPickerViewController.m */ = {isa = PBXFileReference; fileEncoding = 4; lastKnownFileType = sourcecode.c.objc; path = BIDCustomPickerViewController.m; sourceTree = "<group>"; };
		778DC61E19AD0E05004A9B6F /* Main.storyboard */ = {isa = PBXFileReference; fileEncoding = 4; lastKnownFileType = file.storyboard; name = Main.storyboard; path = ../Main.storyboard; sourceTree = "<group>"; };
/* End PBXFileReference section */

/* Begin PBXFrameworksBuildPhase section */
		771171B419ACF7B500F9BAB9 /* Frameworks */ = {
			isa = PBXFrameworksBuildPhase;
			buildActionMask = 2147483647;
			files = (
				771171BD19ACF7B500F9BAB9 /* CoreGraphics.framework in Frameworks */,
				771171BF19ACF7B500F9BAB9 /* UIKit.framework in Frameworks */,
				771171BB19ACF7B500F9BAB9 /* Foundation.framework in Frameworks */,
			);
			runOnlyForDeploymentPostprocessing = 0;
		};
		771171CF19ACF7B500F9BAB9 /* Frameworks */ = {
			isa = PBXFrameworksBuildPhase;
			buildActionMask = 2147483647;
			files = (
				771171D419ACF7B500F9BAB9 /* XCTest.framework in Frameworks */,
				771171D619ACF7B500F9BAB9 /* UIKit.framework in Frameworks */,
				771171D519ACF7B500F9BAB9 /* Foundation.framework in Frameworks */,
			);
			runOnlyForDeploymentPostprocessing = 0;
		};
/* End PBXFrameworksBuildPhase section */

/* Begin PBXGroup section */
		771171AE19ACF7B500F9BAB9 = {
			isa = PBXGroup;
			children = (
				771171C019ACF7B500F9BAB9 /* Picker */,
				771171D919ACF7B500F9BAB9 /* PickerTests */,
				771171B919ACF7B500F9BAB9 /* Frameworks */,
				771171B819ACF7B500F9BAB9 /* Products */,
			);
			sourceTree = "<group>";
		};
		771171B819ACF7B500F9BAB9 /* Products */ = {
			isa = PBXGroup;
			children = (
				771171B719ACF7B500F9BAB9 /* Picker.app */,
				771171D219ACF7B500F9BAB9 /* PickerTests.xctest */,
			);
			name = Products;
			sourceTree = "<group>";
		};
		771171B919ACF7B500F9BAB9 /* Frameworks */ = {
			isa = PBXGroup;
			children = (
				771171BA19ACF7B500F9BAB9 /* Foundation.framework */,
				771171BC19ACF7B500F9BAB9 /* CoreGraphics.framework */,
				771171BE19ACF7B500F9BAB9 /* UIKit.framework */,
				771171D319ACF7B500F9BAB9 /* XCTest.framework */,
			);
			name = Frameworks;
			sourceTree = "<group>";
		};
		771171C019ACF7B500F9BAB9 /* Picker */ = {
			isa = PBXGroup;
			children = (
				771171C919ACF7B500F9BAB9 /* BIDAppDelegate.h */,
				771171CA19ACF7B500F9BAB9 /* BIDAppDelegate.m */,
				771171CC19ACF7B500F9BAB9 /* Images.xcassets */,
				771171C119ACF7B500F9BAB9 /* Supporting Files */,
				771171E919ACF80C00F9BAB9 /* BIDDatePickerViewController.h */,
				771171EA19ACF80C00F9BAB9 /* BIDDatePickerViewController.m */,
				771171EC19ACF83700F9BAB9 /* BIDSingleComponentPickerViewController.h */,
				771171ED19ACF83700F9BAB9 /* BIDSingleComponentPickerViewController.m */,
				771171EF19ACF85100F9BAB9 /* BIDDoubleComponentPickerViewController.h */,
				771171F019ACF85100F9BAB9 /* BIDDoubleComponentPickerViewController.m */,
				771171F219ACF87100F9BAB9 /* BIDDependantComponentPickerViewController.h */,
				771171F319ACF87100F9BAB9 /* BIDDependantComponentPickerViewController.m */,
				771171F519ACF88800F9BAB9 /* BIDCustomPickerViewController.h */,
				771171F619ACF88800F9BAB9 /* BIDCustomPickerViewController.m */,
				778DC61E19AD0E05004A9B6F /* Main.storyboard */,
			);
			path = Picker;
			sourceTree = "<group>";
		};
		771171C119ACF7B500F9BAB9 /* Supporting Files */ = {
			isa = PBXGroup;
			children = (
				771171C219ACF7B500F9BAB9 /* Picker-Info.plist */,
				771171C319ACF7B500F9BAB9 /* InfoPlist.strings */,
				771171C619ACF7B500F9BAB9 /* main.m */,
				771171C819ACF7B500F9BAB9 /* Picker-Prefix.pch */,
			);
			name = "Supporting Files";
			sourceTree = "<group>";
		};
		771171D919ACF7B500F9BAB9 /* PickerTests */ = {
			isa = PBXGroup;
			children = (
				771171DF19ACF7B500F9BAB9 /* PickerTests.m */,
				771171DA19ACF7B500F9BAB9 /* Supporting Files */,
			);
			path = PickerTests;
			sourceTree = "<group>";
		};
		771171DA19ACF7B500F9BAB9 /* Supporting Files */ = {
			isa = PBXGroup;
			children = (
				771171DB19ACF7B500F9BAB9 /* PickerTests-Info.plist */,
				771171DC19ACF7B500F9BAB9 /* InfoPlist.strings */,
			);
			name = "Supporting Files";
			sourceTree = "<group>";
		};
/* End PBXGroup section */

/* Begin PBXNativeTarget section */
		771171B619ACF7B500F9BAB9 /* Picker */ = {
			isa = PBXNativeTarget;
			buildConfigurationList = 771171E319ACF7B500F9BAB9 /* Build configuration list for PBXNativeTarget "Picker" */;
			buildPhases = (
				771171B319ACF7B500F9BAB9 /* Sources */,
				771171B419ACF7B500F9BAB9 /* Frameworks */,
				771171B519ACF7B500F9BAB9 /* Resources */,
			);
			buildRules = (
			);
			dependencies = (
			);
			name = Picker;
			productName = Picker;
			productReference = 771171B719ACF7B500F9BAB9 /* Picker.app */;
			productType = "com.apple.product-type.application";
		};
		771171D119ACF7B500F9BAB9 /* PickerTests */ = {
			isa = PBXNativeTarget;
			buildConfigurationList = 771171E619ACF7B500F9BAB9 /* Build configuration list for PBXNativeTarget "PickerTests" */;
			buildPhases = (
				771171CE19ACF7B500F9BAB9 /* Sources */,
				771171CF19ACF7B500F9BAB9 /* Frameworks */,
				771171D019ACF7B500F9BAB9 /* Resources */,
			);
			buildRules = (
			);
			dependencies = (
				771171D819ACF7B500F9BAB9 /* PBXTargetDependency */,
			);
			name = PickerTests;
			productName = PickerTests;
			productReference = 771171D219ACF7B500F9BAB9 /* PickerTests.xctest */;
			productType = "com.apple.product-type.bundle.unit-test";
		};
/* End PBXNativeTarget section */

/* Begin PBXProject section */
		771171AF19ACF7B500F9BAB9 /* Project object */ = {
			isa = PBXProject;
			attributes = {
				CLASSPREFIX = BID;
				LastUpgradeCheck = 0510;
				ORGANIZATIONNAME = blakestiller;
				TargetAttributes = {
					771171D119ACF7B500F9BAB9 = {
						TestTargetID = 771171B619ACF7B500F9BAB9;
					};
				};
			};
			buildConfigurationList = 771171B219ACF7B500F9BAB9 /* Build configuration list for PBXProject "Picker" */;
			compatibilityVersion = "Xcode 3.2";
			developmentRegion = English;
			hasScannedForEncodings = 0;
			knownRegions = (
				en,
			);
			mainGroup = 771171AE19ACF7B500F9BAB9;
			productRefGroup = 771171B819ACF7B500F9BAB9 /* Products */;
			projectDirPath = "";
			projectRoot = "";
			targets = (
				771171B619ACF7B500F9BAB9 /* Picker */,
				771171D119ACF7B500F9BAB9 /* PickerTests */,
			);
		};
/* End PBXProject section */

/* Begin PBXResourcesBuildPhase section */
		771171B519ACF7B500F9BAB9 /* Resources */ = {
			isa = PBXResourcesBuildPhase;
			buildActionMask = 2147483647;
			files = (
				778DC61F19AD0E05004A9B6F /* Main.storyboard in Resources */,
				771171C519ACF7B500F9BAB9 /* InfoPlist.strings in Resources */,
				771171CD19ACF7B500F9BAB9 /* Images.xcassets in Resources */,
			);
			runOnlyForDeploymentPostprocessing = 0;
		};
		771171D019ACF7B500F9BAB9 /* Resources */ = {
			isa = PBXResourcesBuildPhase;
			buildActionMask = 2147483647;
			files = (
				771171DE19ACF7B500F9BAB9 /* InfoPlist.strings in Resources */,
			);
			runOnlyForDeploymentPostprocessing = 0;
		};
/* End PBXResourcesBuildPhase section */

/* Begin PBXSourcesBuildPhase section */
		771171B319ACF7B500F9BAB9 /* Sources */ = {
			isa = PBXSourcesBuildPhase;
			buildActionMask = 2147483647;
			files = (
				771171EE19ACF83700F9BAB9 /* BIDSingleComponentPickerViewController.m in Sources */,
				771171F119ACF85100F9BAB9 /* BIDDoubleComponentPickerViewController.m in Sources */,
				771171CB19ACF7B500F9BAB9 /* BIDAppDelegate.m in Sources */,
				771171C719ACF7B500F9BAB9 /* main.m in Sources */,
				771171F419ACF87100F9BAB9 /* BIDDependantComponentPickerViewController.m in Sources */,
				771171EB19ACF80C00F9BAB9 /* BIDDatePickerViewController.m in Sources */,
				771171F719ACF88800F9BAB9 /* BIDCustomPickerViewController.m in Sources */,
			);
			runOnlyForDeploymentPostprocessing = 0;
		};
		771171CE19ACF7B500F9BAB9 /* Sources */ = {
			isa = PBXSourcesBuildPhase;
			buildActionMask = 2147483647;
			files = (
				771171E019ACF7B500F9BAB9 /* PickerTests.m in Sources */,
			);
			runOnlyForDeploymentPostprocessing = 0;
		};
/* End PBXSourcesBuildPhase section */

/* Begin PBXTargetDependency section */
		771171D819ACF7B500F9BAB9 /* PBXTargetDependency */ = {
			isa = PBXTargetDependency;
			target = 771171B619ACF7B500F9BAB9 /* Picker */;
			targetProxy = 771171D719ACF7B500F9BAB9 /* PBXContainerItemProxy */;
		};
/* End PBXTargetDependency section */

/* Begin PBXVariantGroup section */
		771171C319ACF7B500F9BAB9 /* InfoPlist.strings */ = {
			isa = PBXVariantGroup;
			children = (
				771171C419ACF7B500F9BAB9 /* en */,
			);
			name = InfoPlist.strings;
			sourceTree = "<group>";
		};
		771171DC19ACF7B500F9BAB9 /* InfoPlist.strings */ = {
			isa = PBXVariantGroup;
			children = (
				771171DD19ACF7B500F9BAB9 /* en */,
			);
			name = InfoPlist.strings;
			sourceTree = "<group>";
		};
/* End PBXVariantGroup section */

/* Begin XCBuildConfiguration section */
		771171E119ACF7B500F9BAB9 /* Debug */ = {
			isa = XCBuildConfiguration;
			buildSettings = {
				ALWAYS_SEARCH_USER_PATHS = NO;
				CLANG_CXX_LANGUAGE_STANDARD = "gnu++0x";
				CLANG_CXX_LIBRARY = "libc++";
				CLANG_ENABLE_MODULES = YES;
				CLANG_ENABLE_OBJC_ARC = YES;
				CLANG_WARN_BOOL_CONVERSION = YES;
				CLANG_WARN_CONSTANT_CONVERSION = YES;
				CLANG_WARN_DIRECT_OBJC_ISA_USAGE = YES_ERROR;
				CLANG_WARN_EMPTY_BODY = YES;
				CLANG_WARN_ENUM_CONVERSION = YES;
				CLANG_WARN_INT_CONVERSION = YES;
				CLANG_WARN_OBJC_ROOT_CLASS = YES_ERROR;
				CLANG_WARN__DUPLICATE_METHOD_MATCH = YES;
				"CODE_SIGN_IDENTITY[sdk=iphoneos*]" = "iPhone Developer";
				COPY_PHASE_STRIP = NO;
				GCC_C_LANGUAGE_STANDARD = gnu99;
				GCC_DYNAMIC_NO_PIC = NO;
				GCC_OPTIMIZATION_LEVEL = 0;
				GCC_PREPROCESSOR_DEFINITIONS = (
					"DEBUG=1",
					"$(inherited)",
				);
				GCC_SYMBOLS_PRIVATE_EXTERN = NO;
				GCC_WARN_64_TO_32_BIT_CONVERSION = YES;
				GCC_WARN_ABOUT_RETURN_TYPE = YES_ERROR;
				GCC_WARN_UNDECLARED_SELECTOR = YES;
				GCC_WARN_UNINITIALIZED_AUTOS = YES_AGGRESSIVE;
				GCC_WARN_UNUSED_FUNCTION = YES;
				GCC_WARN_UNUSED_VARIABLE = YES;
				IPHONEOS_DEPLOYMENT_TARGET = 7.1;
				ONLY_ACTIVE_ARCH = YES;
				SDKROOT = iphoneos;
			};
			name = Debug;
		};
		771171E219ACF7B500F9BAB9 /* Release */ = {
			isa = XCBuildConfiguration;
			buildSettings = {
				ALWAYS_SEARCH_USER_PATHS = NO;
				CLANG_CXX_LANGUAGE_STANDARD = "gnu++0x";
				CLANG_CXX_LIBRARY = "libc++";
				CLANG_ENABLE_MODULES = YES;
				CLANG_ENABLE_OBJC_ARC = YES;
				CLANG_WARN_BOOL_CONVERSION = YES;
				CLANG_WARN_CONSTANT_CONVERSION = YES;
				CLANG_WARN_DIRECT_OBJC_ISA_USAGE = YES_ERROR;
				CLANG_WARN_EMPTY_BODY = YES;
				CLANG_WARN_ENUM_CONVERSION = YES;
				CLANG_WARN_INT_CONVERSION = YES;
				CLANG_WARN_OBJC_ROOT_CLASS = YES_ERROR;
				CLANG_WARN__DUPLICATE_METHOD_MATCH = YES;
				"CODE_SIGN_IDENTITY[sdk=iphoneos*]" = "iPhone Developer";
				COPY_PHASE_STRIP = YES;
				ENABLE_NS_ASSERTIONS = NO;
				GCC_C_LANGUAGE_STANDARD = gnu99;
				GCC_WARN_64_TO_32_BIT_CONVERSION = YES;
				GCC_WARN_ABOUT_RETURN_TYPE = YES_ERROR;
				GCC_WARN_UNDECLARED_SELECTOR = YES;
				GCC_WARN_UNINITIALIZED_AUTOS = YES_AGGRESSIVE;
				GCC_WARN_UNUSED_FUNCTION = YES;
				GCC_WARN_UNUSED_VARIABLE = YES;
				IPHONEOS_DEPLOYMENT_TARGET = 7.1;
				SDKROOT = iphoneos;
				VALIDATE_PRODUCT = YES;
			};
			name = Release;
		};
		771171E419ACF7B500F9BAB9 /* Debug */ = {
			isa = XCBuildConfiguration;
			buildSettings = {
				ASSETCATALOG_COMPILER_APPICON_NAME = AppIcon;
				ASSETCATALOG_COMPILER_LAUNCHIMAGE_NAME = LaunchImage;
				GCC_PRECOMPILE_PREFIX_HEADER = YES;
				GCC_PREFIX_HEADER = "Picker/Picker-Prefix.pch";
				INFOPLIST_FILE = "Picker/Picker-Info.plist";
				PRODUCT_NAME = "$(TARGET_NAME)";
				WRAPPER_EXTENSION = app;
			};
			name = Debug;
		};
		771171E519ACF7B500F9BAB9 /* Release */ = {
			isa = XCBuildConfiguration;
			buildSettings = {
				ASSETCATALOG_COMPILER_APPICON_NAME = AppIcon;
				ASSETCATALOG_COMPILER_LAUNCHIMAGE_NAME = LaunchImage;
				GCC_PRECOMPILE_PREFIX_HEADER = YES;
				GCC_PREFIX_HEADER = "Picker/Picker-Prefix.pch";
				INFOPLIST_FILE = "Picker/Picker-Info.plist";
				PRODUCT_NAME = "$(TARGET_NAME)";
				WRAPPER_EXTENSION = app;
			};
			name = Release;
		};
		771171E719ACF7B500F9BAB9 /* Debug */ = {
			isa = XCBuildConfiguration;
			buildSettings = {
				BUNDLE_LOADER = "$(BUILT_PRODUCTS_DIR)/Picker.app/Picker";
				FRAMEWORK_SEARCH_PATHS = (
					"$(SDKROOT)/Developer/Library/Frameworks",
					"$(inherited)",
					"$(DEVELOPER_FRAMEWORKS_DIR)",
				);
				GCC_PRECOMPILE_PREFIX_HEADER = YES;
				GCC_PREFIX_HEADER = "Picker/Picker-Prefix.pch";
				GCC_PREPROCESSOR_DEFINITIONS = (
					"DEBUG=1",
					"$(inherited)",
				);
				INFOPLIST_FILE = "PickerTests/PickerTests-Info.plist";
				PRODUCT_NAME = "$(TARGET_NAME)";
				TEST_HOST = "$(BUNDLE_LOADER)";
				WRAPPER_EXTENSION = xctest;
			};
			name = Debug;
		};
		771171E819ACF7B500F9BAB9 /* Release */ = {
			isa = XCBuildConfiguration;
			buildSettings = {
				BUNDLE_LOADER = "$(BUILT_PRODUCTS_DIR)/Picker.app/Picker";
				FRAMEWORK_SEARCH_PATHS = (
					"$(SDKROOT)/Developer/Library/Frameworks",
					"$(inherited)",
					"$(DEVELOPER_FRAMEWORKS_DIR)",
				);
				GCC_PRECOMPILE_PREFIX_HEADER = YES;
				GCC_PREFIX_HEADER = "Picker/Picker-Prefix.pch";
				INFOPLIST_FILE = "PickerTests/PickerTests-Info.plist";
				PRODUCT_NAME = "$(TARGET_NAME)";
				TEST_HOST = "$(BUNDLE_LOADER)";
				WRAPPER_EXTENSION = xctest;
			};
			name = Release;
		};
/* End XCBuildConfiguration section */

/* Begin XCConfigurationList section */
		771171B219ACF7B500F9BAB9 /* Build configuration list for PBXProject "Picker" */ = {
			isa = XCConfigurationList;
			buildConfigurations = (
				771171E119ACF7B500F9BAB9 /* Debug */,
				771171E219ACF7B500F9BAB9 /* Release */,
			);
			defaultConfigurationIsVisible = 0;
			defaultConfigurationName = Release;
		};
		771171E319ACF7B500F9BAB9 /* Build configuration list for PBXNativeTarget "Picker" */ = {
			isa = XCConfigurationList;
			buildConfigurations = (
				771171E419ACF7B500F9BAB9 /* Debug */,
				771171E519ACF7B500F9BAB9 /* Release */,
			);
			defaultConfigurationIsVisible = 0;
			defaultConfigurationName = Release;
		};
		771171E619ACF7B500F9BAB9 /* Build configuration list for PBXNativeTarget "PickerTests" */ = {
			isa = XCConfigurationList;
			buildConfigurations = (
				771171E719ACF7B500F9BAB9 /* Debug */,
				771171E819ACF7B500F9BAB9 /* Release */,
			);
			defaultConfigurationIsVisible = 0;
			defaultConfigurationName = Release;
		};
/* End XCConfigurationList section */
	};
	rootObject = 771171AF19ACF7B500F9BAB9 /* Project object */;
}
